{
    "EditorConfig/EditorConfig@0.14.4": {
        "resolved": "https://open-vsx.org/api/EditorConfig/EditorConfig/0.14.4/file/EditorConfig.EditorConfig-0.14.4.vsix",
        "integrity": "sha512-b0NxtALXa9U0H36YRokrcKq4KWxxFpL6iRdbnS5c0rPsY6Ny6PnoUmc7n2WQT1Na6QZc6SJEtxxne6E58BrT3A=="
    },
    "dbaeumer/vscode-eslint@2.1.1": {
        "resolved": "https://open-vsx.org/api/dbaeumer/vscode-eslint/2.1.1/file/dbaeumer.vscode-eslint-2.1.1.vsix",
        "integrity": "sha512-npXQsYfMT4X7ktaYEhNBQ52UnTSoD2uBLZFnSwZhLGkbKd1VBlNN92rcsTbjLhOcAHTmaWImOJD1/7jFNzKv6Q=="
    },
    "ms-vscode/js-debug@1.49.8": {
        "resolved": "https://open-vsx.org/api/ms-vscode/js-debug/1.49.8/file/ms-vscode.js-debug-1.49.8.vsix",
        "integrity": "sha512-GOpN9CjJInRymc3fb37n+evoLD/kIdySBIZn5G7YEqqRiRK3/ZPz5SDKWQFu7w8+H+oNJHK+141bIHjmMJs6vA=="
    },
    "ms-vscode/node-debug2@1.42.1": {
        "resolved": "https://open-vsx.org/api/ms-vscode/node-debug2/1.42.1/file/ms-vscode.node-debug2-1.42.1.vsix",
        "integrity": "sha512-MSkoq4bXso0v+j+hxXpb64JKMvL7+aguRMsNOCLrp/kBhLI7pVso3ZAu2THMLfGBiMeUpw9qjXmYaEhHHm7+YA=="
    },
    "ms-vscode/node-debug@1.44.8": {
        "resolved": "https://open-vsx.org/api/ms-vscode/node-debug/1.44.8/file/ms-vscode.node-debug-1.44.8.vsix",
        "integrity": "sha512-eMo/sZg+x6zhJSsi5BaJJf5sDPG7OCemWJB1/lqytoIDXq6w5f/dovvUPwpWUObOv6zgyOZe79z4xgNhrI73XQ=="
    },
    "ms-vscode/references-view@0.0.47": {
        "resolved": "https://open-vsx.org/api/ms-vscode/references-view/0.0.47/file/ms-vscode.references-view-0.0.47.vsix",
        "integrity": "sha512-Svjqv3LvOQpkuWT0OF+Nq+0876OJsmxcDk3cwdVWn2asspWAaAG/ENu98gDceVZPW3zAd+lbHeIjybVRCCFeZQ=="
    },
    "vscode/bat@1.44.2": {
        "resolved": "https://open-vsx.org/api/vscode/bat/1.44.2/file/vscode.bat-1.44.2.vsix",
        "integrity": "sha512-+VO+fqngFaIsDUKITKlLA8jI2TnNlf77T8O4N0jZVxYLEArCIRx3mvv0500+lvA8fryqFqglCMMBLKol42wOqw=="
    },
    "vscode/clojure@1.44.2": {
        "resolved": "https://open-vsx.org/api/vscode/clojure/1.44.2/file/vscode.clojure-1.44.2.vsix",
        "integrity": "sha512-H3mROmsdbJCKm6qkOWllUfPFx/P7zDI5BBDyvRu2ZUrAnwll49vyUqK4AcDLb8seS3wsM1o0swWV775QzLDHpA=="
    },
    "vscode/coffeescript@1.44.2": {
        "resolved": "https://open-vsx.org/api/vscode/coffeescript/1.44.2/file/vscode.coffeescript-1.44.2.vsix",
        "integrity": "sha512-/XzEKfgjeCnUDHkTfXmPyuqoUtgx+ikabauzzcapQSsYVSEOgyLm4k/UEoTtsUILqmhZ2M053+Vpv3j0YjivVg=="
    },
    "vscode/configuration-editing@1.44.2": {
        "resolved": "https://open-vsx.org/api/vscode/configuration-editing/1.44.2/file/vscode.configuration-editing-1.44.2.vsix",
        "integrity": "sha512-pbBsAQyvgd752WWcQ99pkp82k2qbK7Dh+dXBxlzeylHZgNZkAeKLuPBJcESTIm2DKdqQQol5I25wFEhLYYKwdg=="
    },
    "vscode/cpp@1.44.2": {
        "resolved": "https://open-vsx.org/api/vscode/cpp/1.44.2/file/vscode.cpp-1.44.2.vsix",
        "integrity": "sha512-ttQKusSgwp6zFGtaWcP4nIRlgq5i6H7bt8gwULVuceYPAeyonA0h82oC1KXt49e570HqkD/UwHEuAOzR+yn2+g=="
    },
    "vscode/csharp@1.44.2": {
        "resolved": "https://open-vsx.org/api/vscode/csharp/1.44.2/file/vscode.csharp-1.44.2.vsix",
        "integrity": "sha512-E2E0BnfvTA33ZA49LxYI/4a5Mm63ELxKXhfwAhZRGQEG4OUmTWxrt86r208VL6IT5lfoKoj5xDEk3+VptIU26w=="
    },
    "vscode/css-language-features@1.45.1": {
        "resolved": "https://open-vsx.org/api/vscode/css-language-features/1.45.1/file/vscode.css-language-features-1.45.1.vsix",
        "integrity": "sha512-irmhISwyun4TdUAcdpVsi2D9ek6GrsDL3Aj+HBXHWr9QaP5ImQrGy8oj1G52xeIT18KbWOVmWbn8VbOCBKzz1Q=="
    },
    "vscode/css@1.44.2": {
        "resolved": "https://open-vsx.org/api/vscode/css/1.44.2/file/vscode.css-1.44.2.vsix",
        "integrity": "sha512-BS0YFPpk08VY9VFWLkLDsV7hnmfrg6T+MYcEYzJeyah0X/3X2WTiHNZVTihWQ1334jgnymjDrtl5cT7uqugluA=="
    },
    "vscode/debug-auto-launch@1.44.2": {
        "resolved": "https://open-vsx.org/api/vscode/debug-auto-launch/1.44.2/file/vscode.debug-auto-launch-1.44.2.vsix",
        "integrity": "sha512-dbmWmggX4h6iJyiAQSjsFb72d7kUU2YsNaZHGrOokB8IuBZ/arCv4nnHHGvHwimM+Vbxgr7Wi9oryK0ZFi5ttg=="
    },
    "vscode/docker@1.44.2": {
        "resolved": "https://open-vsx.org/api/vscode/docker/1.44.2/file/vscode.docker-1.44.2.vsix",
        "integrity": "sha512-59GKcFbBJcVXfNsKk/r71xiuyV02WZq04zgl1ejMsgiN5krAz49lKuHGfB/mOycOm1nAlCLbefKVDgLh1cnJBw=="
    },
    "vscode/emmet@1.44.2": {
        "resolved": "https://open-vsx.org/api/vscode/emmet/1.44.2/file/vscode.emmet-1.44.2.vsix",
        "integrity": "sha512-Y7oxKjehj6keMFA/ggLKfJGQ2zkTHfYSGpyBG5w/b9oeBm/HxQHceEhQsH7rbOGaAzCOxhbb9iiBO9ZnjX8zkg=="
    },
    "vscode/fsharp@1.44.2": {
        "resolved": "https://open-vsx.org/api/vscode/fsharp/1.44.2/file/vscode.fsharp-1.44.2.vsix",
        "integrity": "sha512-IheDZPgxNgAGcJy3TS6Nk+Mxz6c6jLlsdjlmIlFJHMrbxynTBT+nzIPTx+Ej2PeCTd9uKJQoLzZ/bQJwVdQvtw=="
    },
    "vscode/go@1.44.2": {
        "resolved": "https://open-vsx.org/api/vscode/go/1.44.2/file/vscode.go-1.44.2.vsix",
        "integrity": "sha512-lAYIlcpzxEFXyckU1zpl3QLENtzhnlMnQtq3UoG2OJ6lrPp7r8RWIcBVsGlEKFyY+qLYkVmF2zzH4EYbM8REGw=="
    },
    "vscode/groovy@1.44.2": {
        "resolved": "https://open-vsx.org/api/vscode/groovy/1.44.2/file/vscode.groovy-1.44.2.vsix",
        "integrity": "sha512-IcbS9LqOXUa+mtTvYUbS9znea2FfBM+CZ0/6AxT/3Aqj/sF4FTnEWGA/n84/Y6DByjrX2dcFYe99KwUMTbF7Eg=="
    },
    "vscode/grunt@1.44.2": {
        "resolved": "https://open-vsx.org/api/vscode/grunt/1.44.2/file/vscode.grunt-1.44.2.vsix",
        "integrity": "sha512-nc6pfUliVPAcXpzYNK+qcZwxdTdvjhuP1jKHqFzEtnKNuloTFyQ9T6sYQNKRb2/01YqiDnK1KuYkMBAI0fe7iA=="
    },
    "vscode/gulp@1.44.2": {
        "resolved": "https://open-vsx.org/api/vscode/gulp/1.44.2/file/vscode.gulp-1.44.2.vsix",
        "integrity": "sha512-QrJg2GW7Y0NwXgPsRPd8ZsOuPYu0AOWoVc31rDpaDw3OEaKVEL3Le5zuHAXPv2gD0v77ba7ehEsE77mvX6qWXw=="
    },
    "vscode/handlebars@1.44.2": {
        "resolved": "https://open-vsx.org/api/vscode/handlebars/1.44.2/file/vscode.handlebars-1.44.2.vsix",
        "integrity": "sha512-ZuZEM9c1al9hqRQaihGWLF8isJVFyzejAaoYXf7zkz4+jfITB5kz7eK5yTHfNJkp5q7rSIjn4d9NrIU/fnrQFw=="
    },
    "vscode/hlsl@1.44.2": {
        "resolved": "https://open-vsx.org/api/vscode/hlsl/1.44.2/file/vscode.hlsl-1.44.2.vsix",
        "integrity": "sha512-TvRLxU4VD9CzIIWz8kaj0JXhLwuGlwiTsz8wn4upb3TF5L7My2x44PvjWv7YQAHxUcBGhbiUeEjfnFo6fmgEJg=="
    },
    "vscode/html-language-features@1.48.0-next.4a1bcdafe9": {
        "resolved": "https://open-vsx.org/api/vscode/html-language-features/1.48.0-next.4a1bcdafe9/file/vscode.html-language-features-1.48.0-next.4a1bcdafe9.vsix",
        "integrity": "sha512-OZEjwj2NNGQSxBCUr0254u5VoAidfVK+fmv1Uki1KgjuTotMisZzdPTJYTLT3gdizx7GkwspawJpjGs2wh95HQ=="
    },
    "vscode/html@1.48.0-next.4a1bcdafe9": {
        "resolved": "https://open-vsx.org/api/vscode/html/1.48.0-next.4a1bcdafe9/file/vscode.html-1.48.0-next.4a1bcdafe9.vsix",
        "integrity": "sha512-m8A7l+nfh9iyra4n7htIF74vXUnWdj1SDzhC8zEo9lb2fUmLILtMirxI2hbEy0rdM8VgHQoeZT/txf969Zjfow=="
    },
    "vscode/ini@1.44.2": {
        "resolved": "https://open-vsx.org/api/vscode/ini/1.44.2/file/vscode.ini-1.44.2.vsix",
        "integrity": "sha512-et4Ql5rIPZL2mSUFh1HOaKCYTiVbEvkl/I46/lHPB+3LbIp4wABdARJCIWjHDKQGnN1lz6VHleibWO+TOgZ9BA=="
    },
    "vscode/jake@1.44.2": {
        "resolved": "https://open-vsx.org/api/vscode/jake/1.44.2/file/vscode.jake-1.44.2.vsix",
        "integrity": "sha512-CoXzT0gd6c0q9SRsdlLv3YB9B2ZIVXkEV8UDkF3CYnFnNLQqxTKWpzEZVgecIc7Ms/EpCbnEhQUwvBJIxPHq9Q=="
    },
    "vscode/java@1.44.2": {
        "resolved": "https://open-vsx.org/api/vscode/java/1.44.2/file/vscode.java-1.44.2.vsix",
        "integrity": "sha512-tPQQRjuvLeMTxHEsOMTqt/FtvrHUfwiYpVKo8mL7jfb9dtzHbzT67F5xlCTIUh499uGo22GWbmGWE9vhJn0aWA=="
    },
    "vscode/javascript@1.44.2": {
        "resolved": "https://open-vsx.org/api/vscode/javascript/1.44.2/file/vscode.javascript-1.44.2.vsix",
        "integrity": "sha512-sxCYg8TJq8lATcAlDviIcEH0njUtl0TaAZ4fOWzgvoWlsGSTMckk+vUhgxARsViRJIUcy0HQY008GeBxHQWR/Q=="
    },
    "vscode/json-language-features@1.46.1": {
        "resolved": "https://open-vsx.org/api/vscode/json-language-features/1.46.1/file/vscode.json-language-features-1.46.1.vsix",
        "integrity": "sha512-szwYot6G/CM+c1+mN2f1b3nzuvkeqyZvcPfJRGKfN6ruI+gC5jgt+ySqbFBCqduYC6i2TaaJumIl6JW2gQFoLQ=="
    },
    "vscode/json@1.46.1": {
        "resolved": "https://open-vsx.org/api/vscode/json/1.46.1/file/vscode.json-1.46.1.vsix",
        "integrity": "sha512-c1u9AvfpgBSQdwuhXx0o4WMShOdgvV5Ztu1cIe70uFtCXAaX0lukx+3MAL7mJI2nJUIrkwRoQMQhulkoIVY4uw=="
    },
    "vscode/less@1.44.2": {
        "resolved": "https://open-vsx.org/api/vscode/less/1.44.2/file/vscode.less-1.44.2.vsix",
        "integrity": "sha512-kqxInZKoXXahbjJRofFHm6HnzVmHr2hMqeEXHO+IBk89DM+8E5fH6mzbLmy+APsWARXOFOU8c4X0lwDdWWxWjw=="
    },
    "vscode/log@1.44.2": {
        "resolved": "https://open-vsx.org/api/vscode/log/1.44.2/file/vscode.log-1.44.2.vsix",
        "integrity": "sha512-Ee1FYIqAr6t1IY1+48HVHCdI0I+cc0ZlbKtqOH7NB2gXeXlz6Zfz0yUOaOUUdYAlZ9EtihhJi+gb8Zaa19ogtA=="
    },
    "vscode/lua@1.44.2": {
        "resolved": "https://open-vsx.org/api/vscode/lua/1.44.2/file/vscode.lua-1.44.2.vsix",
        "integrity": "sha512-9HqnTlTL7rdqwjcBjr8RCup6N3s8p+qYWO7Vsap5cACCwXvH7rwdq2S3phP3HAFQo5AV7M9T2d9wK5WBPfypoA=="
    },
    "vscode/make@1.44.2": {
        "resolved": "https://open-vsx.org/api/vscode/make/1.44.2/file/vscode.make-1.44.2.vsix",
        "integrity": "sha512-Zxj3wHXm1jqyRB7wXX9OiKAmo/V7i3tGHU8C7H8PZuXiUzqX0F6gkjW8kCjCMIudj7SZ31HCJx06dyVh2GfwOQ=="
    },
    "vscode/markdown-language-features@1.39.1": {
        "resolved": "https://open-vsx.org/api/vscode/markdown-language-features/1.39.1/file/vscode.markdown-language-features-1.39.1.vsix",
        "integrity": "sha512-oLvf1mpHMHLKkZjXWrwRzavK8cj4sJ2yA3lyXyrajsCKqlVpgWuTTQT4FivnZo3y2ByDEY560ZUi34i31zlBuA=="
    },
    "vscode/markdown@1.44.2": {
        "resolved": "https://open-vsx.org/api/vscode/markdown/1.44.2/file/vscode.markdown-1.44.2.vsix",
        "integrity": "sha512-HXGWoolyaoGEhQiIxrP5mZbdEnyR6HFXSxUYG/VFiIDzkn8btL/mNpFqPfC+mBA7MFsfyHP1OgS8dp+4qUp5/A=="
    },
    "vscode/merge-conflict@1.44.2": {
        "resolved": "https://open-vsx.org/api/vscode/merge-conflict/1.44.2/file/vscode.merge-conflict-1.44.2.vsix",
        "integrity": "sha512-L98yTIvtMDhATTe9jgYT6i2DKA+DI05/gkf8yaXBNh4JETMjAj4+I9nHEsKO2Sa8dfpzTGJNj/kjbMsxUEa3XQ=="
    },
    "vscode/npm@1.44.2": {
        "resolved": "https://open-vsx.org/api/vscode/npm/1.44.2/file/vscode.npm-1.44.2.vsix",
        "integrity": "sha512-AKYYWMC78KDiHFWLQvRF1jG1O58MPoZ1CmMOdDB9PduWzWftTg77l1BEaFvb17BGyK0s7gNJNtOAacNCC+TidA=="
    },
    "vscode/objective-c@1.44.2": {
        "resolved": "https://open-vsx.org/api/vscode/objective-c/1.44.2/file/vscode.objective-c-1.44.2.vsix",
        "integrity": "sha512-BiMSitqsyV/tkGuY+f8q+kwp/FqbKESz4yhnV3PA2NnzeQ6qnQobsmY5uUcdjhSLUnxPNrKRpy1sv25LeMGa3Q=="
    },
    "vscode/perl@1.44.2": {
        "resolved": "https://open-vsx.org/api/vscode/perl/1.44.2/file/vscode.perl-1.44.2.vsix",
        "integrity": "sha512-RKUoCOvlqm/UqL/JNIXQ8odh2ezzT55hdyRZu3D1H6OhmgCtrtnfj1Ikt6etOW1KpVPoZmdhELqxNBy5Zl2+ZQ=="
    },
    "vscode/powershell@1.44.2": {
        "resolved": "https://open-vsx.org/api/vscode/powershell/1.44.2/file/vscode.powershell-1.44.2.vsix",
        "integrity": "sha512-USali1d1m6n5DhX6XcffSm2nGvQyBpHNdRK44qsmHlBhtQMLGh6c+pSgMXsM+cvMKiuX80AFngdVs9odd7EOWw=="
    },
    "vscode/pug@1.44.2": {
        "resolved": "https://open-vsx.org/api/vscode/pug/1.44.2/file/vscode.pug-1.44.2.vsix",
        "integrity": "sha512-TbvkpbmOPWPkWeCWW5VyzRhKExH7pFh2dG4/jdEMDgcZZp+x43gpbp3erc0MSNWJYk5ss1SvK122ScLpng/6yw=="
    },
    "vscode/python@1.44.2": {
        "resolved": "https://open-vsx.org/api/vscode/python/1.44.2/file/vscode.python-1.44.2.vsix",
        "integrity": "sha512-rpeCo26MztN93cjWIRi8Gm1D/5Bs4/rc9Mb+QINw2LbQEFtcKqOhwm8RP1cO3DamWcqgizFoDl2XjJV7fXuGfA=="
    },
    "vscode/r@1.44.2": {
        "resolved": "https://open-vsx.org/api/vscode/r/1.44.2/file/vscode.r-1.44.2.vsix",
        "integrity": "sha512-eYoPyv8JswFAgiTHlthVb/P4BJ/3ORPiWTuIOsSwXiuEGCc6YvV5+dDKBSC2x5hzmk4FymnE2/JIIguDhwaJlQ=="
    },
    "vscode/razor@1.44.2": {
        "resolved": "https://open-vsx.org/api/vscode/razor/1.44.2/file/vscode.razor-1.44.2.vsix",
        "integrity": "sha512-1zoIJ9OCjLJB4IyCFgLVgT0gB7hhy8F5lJfdU7Ne65AfVqFXeET/XC+2y08o3YmFmwqchy+17WjxQ45Z0YWenw=="
    },
    "vscode/ruby@1.44.2": {
        "resolved": "https://open-vsx.org/api/vscode/ruby/1.44.2/file/vscode.ruby-1.44.2.vsix",
        "integrity": "sha512-NFxeW56C2TS3RljU8kC4UFiP7jvFO0hzpnOAXrwhy9maE/sKsqajB2kbgZXUEaWE45Jnzr8nwqV5NWMv7bDdVg=="
    },
    "vscode/rust@1.44.2": {
        "resolved": "https://open-vsx.org/api/vscode/rust/1.44.2/file/vscode.rust-1.44.2.vsix",
        "integrity": "sha512-Y/RktuocWO/nHMIURKvP1Nn1tB68evUldD2w7EQdY1dhcbcoeTZoNetVOtjPasCwCW4MwEf3knVcPUoUw3olpA=="
    },
    "vscode/scss@1.44.2": {
        "resolved": "https://open-vsx.org/api/vscode/scss/1.44.2/file/vscode.scss-1.44.2.vsix",
        "integrity": "sha512-O3MZYjKT5mMvDNriTske4WdebS8FG+USWZeG9hLResJZOlzUmszWdzxs1arfQ1oppBYMFVQGdG9psu3B2rcelg=="
    },
    "vscode/shaderlab@1.44.2": {
        "resolved": "https://open-vsx.org/api/vscode/shaderlab/1.44.2/file/vscode.shaderlab-1.44.2.vsix",
        "integrity": "sha512-soEolyRBd1HXffYVlDYm5HIbCKbJqp2aPOIbV1VqMaQgd7hEtJyg2BuewHAzT/354iDrNDnxCYfSG541xXyBLQ=="
    },
    "vscode/shellscript@1.44.2": {
        "resolved": "https://open-vsx.org/api/vscode/shellscript/1.44.2/file/vscode.shellscript-1.44.2.vsix",
        "integrity": "sha512-QTivXDkPrXWRynDxvoOG/W1SfZiu6e+f21jZPfhP73RZAD7+eT7YqmKb/2bCjHGospZ+DoSz6bXxgo650Mwj2w=="
    },
    "vscode/sql@1.44.2": {
        "resolved": "https://open-vsx.org/api/vscode/sql/1.44.2/file/vscode.sql-1.44.2.vsix",
        "integrity": "sha512-P4s4F1rFwCi2d8wrsUAHLz5L887vsHoplkwFG8WT5a08hbeYCuxhj6avDOPMNNdrm1efmzmCvgKiXaaPLB9OlQ=="
    },
    "vscode/swift@1.44.2": {
        "resolved": "https://open-vsx.org/api/vscode/swift/1.44.2/file/vscode.swift-1.44.2.vsix",
        "integrity": "sha512-iRoKlQsBBFRWM1MZDAg/lvQ9nks9LYmBIARB5ymKl6AhmGWMuR4gBP9ZVBhGQvSuR9htWrthrZ9sdvgJURHrzg=="
    },
    "vscode/theme-abyss@1.44.2": {
        "resolved": "https://open-vsx.org/api/vscode/theme-abyss/1.44.2/file/vscode.theme-abyss-1.44.2.vsix",
        "integrity": "sha512-og6fpm0yRZX56A/XDGGrcCAQ1mKgT45YqKsWQoxFvH6isTnlAlav/ewWuwdBtuAQHXb8rhke8nnbbbDNb15BUQ=="
    },
    "vscode/theme-defaults@1.44.2": {
        "resolved": "https://open-vsx.org/api/vscode/theme-defaults/1.44.2/file/vscode.theme-defaults-1.44.2.vsix",
        "integrity": "sha512-zPZ4Kj/Pdd/Id5kowXqYxsl0ZvMX5SnDZf8XS5djcWs+N+CZYavUTIbPRkCodyGYE4CdbjNS8sMVUzDjdBdpIg=="
    },
    "vscode/theme-kimbie-dark@1.44.2": {
        "resolved": "https://open-vsx.org/api/vscode/theme-kimbie-dark/1.44.2/file/vscode.theme-kimbie-dark-1.44.2.vsix",
        "integrity": "sha512-rcHbYHIYw+CWkgiro2iaVLVs7x5owisQ2eGtHpUy80qa6yuM3wl27LMoR23XCFUAXNBHpuZJmS8y8G2JsbXGjA=="
    },
    "vscode/theme-monokai-dimmed@1.44.2": {
        "resolved": "https://open-vsx.org/api/vscode/theme-monokai-dimmed/1.44.2/file/vscode.theme-monokai-dimmed-1.44.2.vsix",
        "integrity": "sha512-xGDnwwM1VEwXib+BwUymZ82ggDjNIbeBmhCfeEFo2ED8Sg2yKh/TXyQ/14EzU081baFO1kaHBodSstxvqtVk8A=="
    },
    "vscode/theme-monokai@1.44.2": {
        "resolved": "https://open-vsx.org/api/vscode/theme-monokai/1.44.2/file/vscode.theme-monokai-1.44.2.vsix",
        "integrity": "sha512-w1+2g3OvwmX1+CcW0UflsEiA5cBhi6KlrLNXI1x/uXjb9rfa40q/pLXiwyWI7dH2YInND32a1WBUIwQbZ3gu5g=="
    },
    "vscode/theme-quietlight@1.44.2": {
        "resolved": "https://open-vsx.org/api/vscode/theme-quietlight/1.44.2/file/vscode.theme-quietlight-1.44.2.vsix",
        "integrity": "sha512-3RMl5uBqXSfxRyEod9iG6TtXtRdJ9dM05Y0sL55tZYF7A9u2rAPrQlphfrWRepDrYRDJmnt+BFeZ+pbP75t3Kw=="
    },
    "vscode/theme-red@1.44.2": {
        "resolved": "https://open-vsx.org/api/vscode/theme-red/1.44.2/file/vscode.theme-red-1.44.2.vsix",
        "integrity": "sha512-BUjegasUyL1PrmGY+ClKRT+5TXmP51sqMeAOxZnIaLnxY7ga3N3P17K9r+1TBV9fkc33JeUWw6YvbaTD+awS+Q=="
    },
    "vscode/theme-solarized-dark@1.44.2": {
        "resolved": "https://open-vsx.org/api/vscode/theme-solarized-dark/1.44.2/file/vscode.theme-solarized-dark-1.44.2.vsix",
        "integrity": "sha512-hfN75jPDVTFnyUH1MDzmeWQq4H45vNLLV+D4x/V7MC25YL+QTnshlAOXtXnHeIOwUlVYJ3dpAPRvZWKNEZjteQ=="
    },
    "vscode/theme-tomorrow-night-blue@1.44.2": {
        "resolved": "https://open-vsx.org/api/vscode/theme-tomorrow-night-blue/1.44.2/file/vscode.theme-tomorrow-night-blue-1.44.2.vsix",
        "integrity": "sha512-Kk/fcmZ9pmLeAqzhteQEa8dfZedtkwwUlBwwMayraGXUqsTbXJB82/jvV/CFJITUTHPtW8rncILoZXljTJ4hQQ=="
    },
    "vscode/typescript-language-features@1.44.2": {
        "resolved": "https://open-vsx.org/api/vscode/typescript-language-features/1.44.2/file/vscode.typescript-language-features-1.44.2.vsix",
        "integrity": "sha512-kNX6Qv4e7XpGk7sVD24+ARhBQp9ziA60E6rhLNYFt8Ichxo/fgZ7X/di7qDKeEH4jNFoO+r7uuxeuu3V0DhEzw=="
    },
    "vscode/typescript@1.44.2": {
        "resolved": "https://open-vsx.org/api/vscode/typescript/1.44.2/file/vscode.typescript-1.44.2.vsix",
        "integrity": "sha512-cd9iCMrx2SWzy2JTVbERHAI6ktBkGluBuyfe3PzmSZNHEurPez/aQ6uAnqh8L3yp+nb8jorteCsxt59gYfJrZA=="
    },
    "vscode/vb@1.44.2": {
        "resolved": "https://open-vsx.org/api/vscode/vb/1.44.2/file/vscode.vb-1.44.2.vsix",
        "integrity": "sha512-EnFq9JYsH8wIzGvX/WoXDt8GJmEO5vdIziQPMS6KKOyg/LvO26C4PwYtdl7F8KyV10ttVgkzBxVnTSHwghQfPA=="
    },
    "vscode/vscode-theme-seti@1.44.2": {
        "resolved": "https://open-vsx.org/api/vscode/vscode-theme-seti/1.44.2/file/vscode.vscode-theme-seti-1.44.2.vsix",
        "integrity": "sha512-USouw+k7ur2h6mPyA9t8a/7RtL4btM4vtDLUgfRCPtbOrul8xIFM4s7q1q8EulHh+WxjqT6DosbjPFO3eS8vhQ=="
    },
    "vscode/xml@1.44.2": {
        "resolved": "https://open-vsx.org/api/vscode/xml/1.44.2/file/vscode.xml-1.44.2.vsix",
        "integrity": "sha512-5voHn0MFDliCJ4o+2GAOK55VOh5JOVI93XBMCfz2YFhANTHNk85FJIaFq1zfDKKi/H+SMV+b5KJNJownQjqOpA=="
    },
    "vscode/yaml@1.44.2": {
        "resolved": "https://open-vsx.org/api/vscode/yaml/1.44.2/file/vscode.yaml-1.44.2.vsix",
        "integrity": "sha512-pxAVrzsW/F5OegEF+lb9IGd0v1qR6rATAHk195CmmWG3kEVrXamjYdbalCCnPgXZWg5u/s5E/k2cCV/ch25zYA=="
    }
}