{
  "name": "@theia/application-manager",
  "version": "0.3.10",
  "lockfileVersion": 1,
  "dependencies": {
    "monaco-editor-webpack-plugin": {
      "version": "1.2.0",
      "resolved": "https://registry.npmjs.org/monaco-editor-webpack-plugin/-/monaco-editor-webpack-plugin-1.2.0.tgz",
      "integrity": "sha512-hqZs9pT+j0GjHLglKquSTWQvE1RUG2Zelcavo91vVExRL9NPbDP6w7eySahMqysOF1eBob8n+ZVkrPsnxJrQYQ=="
    }
  }
}
